
Microsoft Visual Studio Solution File, Format Version 11.00
# Visual Studio 2010
Project("{FAE04EC0-301F-11D3-BF4B-00C04F79EFBC}") = "计算器", "计算器\计算器.csproj", "{946733A1-32C2-4474-82B1-4D7238176936}"
EndProject
Global
	GlobalSection(SolutionConfigurationPlatforms) = preSolution
		Debug|x86 = Debug|x86
		Release|x86 = Release|x86
	EndGlobalSection
	GlobalSection(ProjectConfigurationPlatforms) = postSolution
		{946733A1-32C2-4474-82B1-4D7238176936}.Debug|x86.ActiveCfg = Debug|x86
		{946733A1-32C2-4474-82B1-4D7238176936}.Debug|x86.Build.0 = Debug|x86
		{946733A1-32C2-4474-82B1-4D7238176936}.Release|x86.ActiveCfg = Release|x86
		{946733A1-32C2-4474-82B1-4D7238176936}.Release|x86.Build.0 = Release|x86
	EndGlobalSection
	GlobalSection(SolutionProperties) = preSolution
		HideSolutionNode = FALSE
	EndGlobalSection
EndGlobal
